
Microsoft Visual Studio Solution File, Format Version 12.00
# Visual Studio Version 17
VisualStudioVersion = 17.5.33530.505
MinimumVisualStudioVersion = 10.0.40219.1
Project("{FAE04EC0-301F-11D3-BF4B-00C04F79EFBC}") = "ProjectSynspunkt", "ProjectSynspunkt\ProjectSynspunkt.csproj", "{7EEB624D-77C4-4D0E-BE96-B3F2355ECDFA}"
EndProject
Global
	GlobalSection(SolutionConfigurationPlatforms) = preSolution
		Debug|Any CPU = Debug|Any CPU
		Release|Any CPU = Release|Any CPU
	EndGlobalSection
	GlobalSection(ProjectConfigurationPlatforms) = postSolution
		{7EEB624D-77C4-4D0E-BE96-B3F2355ECDFA}.Debug|Any CPU.ActiveCfg = Debug|Any CPU
		{7EEB624D-77C4-4D0E-BE96-B3F2355ECDFA}.Debug|Any CPU.Build.0 = Debug|Any CPU
		{7EEB624D-77C4-4D0E-BE96-B3F2355ECDFA}.Release|Any CPU.ActiveCfg = Release|Any CPU
		{7EEB624D-77C4-4D0E-BE96-B3F2355ECDFA}.Release|Any CPU.Build.0 = Release|Any CPU
	EndGlobalSection
	GlobalSection(SolutionProperties) = preSolution
		HideSolutionNode = FALSE
	EndGlobalSection
	GlobalSection(ExtensibilityGlobals) = postSolution
		SolutionGuid = {DE2AB254-AA65-45F4-9CB0-52E239A7B46F}
	EndGlobalSection
EndGlobal
